{
  "originHash" : "9113a52a578c1003af4054cb468917426c227c4cbfb3cc570ae5618ee6c84197",
  "pins" : [
    {
      "identity" : "collectionviewdistributionallayout",
      "kind" : "remoteSourceControl",
      "location" : "https://github.com/noppefoxwolf/CollectionViewDistributionalLayout",
      "state" : {
        "revision" : "34dc3095a9d3a30829096541a89803899c706b51",
        "version" : "0.0.6"
      }
    }
  ],
  "version" : 3
}
