{
  "originHash" : "01f0148f82c2d245849f1582a51c3f558139801c4c699cb97e14494ce58b7bbe",
  "pins" : [
    {
      "identity" : "collectionviewdistributionallayout",
      "kind" : "remoteSourceControl",
      "location" : "https://github.com/noppefoxwolf/CollectionViewDistributionalLayout",
      "state" : {
        "revision" : "f8f96e4255bcf952bcaaf3d1d0658e9f9bdbe0a6",
        "version" : "0.0.2"
      }
    }
  ],
  "version" : 3
}
