{
  "originHash" : "8df3dfce3ae9a1e95f3828954c37af1cd8c1ab7102f43850fd1b82cb6c606e3a",
  "pins" : [
    {
      "identity" : "collectionviewdistributionallayout",
      "kind" : "remoteSourceControl",
      "location" : "https://github.com/noppefoxwolf/CollectionViewDistributionalLayout",
      "state" : {
        "revision" : "060ec569fcb8d2ee8e254f5d60e417e99f2f708f",
        "version" : "0.0.7"
      }
    }
  ],
  "version" : 3
}
