{
  "originHash" : "40790e40cba9b07117513dceea8c3eca82cbb7e3d2d125b99da85f943351141e",
  "pins" : [
    {
      "identity" : "collectionviewdistributionallayout",
      "kind" : "remoteSourceControl",
      "location" : "https://github.com/noppefoxwolf/CollectionViewDistributionalLayout",
      "state" : {
        "revision" : "fbf176e53e5cf530f7897dcaf4cafb9c3add4d2e",
        "version" : "0.0.4"
      }
    }
  ],
  "version" : 3
}
