{
  "originHash" : "40790e40cba9b07117513dceea8c3eca82cbb7e3d2d125b99da85f943351141e",
  "pins" : [
    {
      "identity" : "collectionviewdistributionallayout",
      "kind" : "remoteSourceControl",
      "location" : "https://github.com/noppefoxwolf/CollectionViewDistributionalLayout",
      "state" : {
        "revision" : "f8f96e4255bcf952bcaaf3d1d0658e9f9bdbe0a6",
        "version" : "0.0.2"
      }
    }
  ],
  "version" : 3
}
