{
  "originHash" : "40790e40cba9b07117513dceea8c3eca82cbb7e3d2d125b99da85f943351141e",
  "pins" : [
    {
      "identity" : "collectionviewdistributionallayout",
      "kind" : "remoteSourceControl",
      "location" : "https://github.com/noppefoxwolf/CollectionViewDistributionalLayout",
      "state" : {
        "revision" : "34dc3095a9d3a30829096541a89803899c706b51",
        "version" : "0.0.6"
      }
    }
  ],
  "version" : 3
}
